// !$*UTF8*$!
{
	archiveVersion = 1;
	classes = {
	};
	objectVersion = 46;
	objects = {

/* Begin PBXBuildFile section */
		BA1AF8181B618711003D1847 /* main.m in Sources */ = {isa = PBXBuildFile; fileRef = BA1AF8171B618711003D1847 /* main.m */; };
		BA1AF81B1B618711003D1847 /* AppDelegate.m in Sources */ = {isa = PBXBuildFile; fileRef = BA1AF81A1B618711003D1847 /* AppDelegate.m */; };
		BA1AF81E1B618711003D1847 /* PlayViewController.m in Sources */ = {isa = PBXBuildFile; fileRef = BA1AF81D1B618711003D1847 /* PlayViewController.m */; };
		BA1AF8211B618711003D1847 /* Main.storyboard in Resources */ = {isa = PBXBuildFile; fileRef = BA1AF81F1B618711003D1847 /* Main.storyboard */; };
		BA1AF8231B618711003D1847 /* Images.xcassets in Resources */ = {isa = PBXBuildFile; fileRef = BA1AF8221B618711003D1847 /* Images.xcassets */; };
		BA1AF8261B618711003D1847 /* LaunchScreen.xib in Resources */ = {isa = PBXBuildFile; fileRef = BA1AF8241B618711003D1847 /* LaunchScreen.xib */; };
		BA1AF8321B618711003D1847 /* FarkleTests.m in Sources */ = {isa = PBXBuildFile; fileRef = BA1AF8311B618711003D1847 /* FarkleTests.m */; };
		BA1AF83D1B619109003D1847 /* Dice.m in Sources */ = {isa = PBXBuildFile; fileRef = BA1AF83C1B619109003D1847 /* Dice.m */; };
		BA1AF8401B61964E003D1847 /* Turn.m in Sources */ = {isa = PBXBuildFile; fileRef = BA1AF83F1B61964E003D1847 /* Turn.m */; };
		BA1AF8451B6198F4003D1847 /* Player.m in Sources */ = {isa = PBXBuildFile; fileRef = BA1AF8441B6198F4003D1847 /* Player.m */; };
		BA1AF8481B619C8B003D1847 /* HomeViewController.m in Sources */ = {isa = PBXBuildFile; fileRef = BA1AF8471B619C8B003D1847 /* HomeViewController.m */; };
		BA1AF84B1B61AD57003D1847 /* Game.m in Sources */ = {isa = PBXBuildFile; fileRef = BA1AF84A1B61AD57003D1847 /* Game.m */; };
/* End PBXBuildFile section */

/* Begin PBXContainerItemProxy section */
		BA1AF82C1B618711003D1847 /* PBXContainerItemProxy */ = {
			isa = PBXContainerItemProxy;
			containerPortal = BA1AF80A1B618711003D1847 /* Project object */;
			proxyType = 1;
			remoteGlobalIDString = BA1AF8111B618711003D1847;
			remoteInfo = Farkle;
		};
/* End PBXContainerItemProxy section */

/* Begin PBXFileReference section */
		BA1AF8121B618711003D1847 /* Farkle.app */ = {isa = PBXFileReference; explicitFileType = wrapper.application; includeInIndex = 0; path = Farkle.app; sourceTree = BUILT_PRODUCTS_DIR; };
		BA1AF8161B618711003D1847 /* Info.plist */ = {isa = PBXFileReference; lastKnownFileType = text.plist.xml; path = Info.plist; sourceTree = "<group>"; };
		BA1AF8171B618711003D1847 /* main.m */ = {isa = PBXFileReference; lastKnownFileType = sourcecode.c.objc; path = main.m; sourceTree = "<group>"; };
		BA1AF8191B618711003D1847 /* AppDelegate.h */ = {isa = PBXFileReference; lastKnownFileType = sourcecode.c.h; path = AppDelegate.h; sourceTree = "<group>"; };
		BA1AF81A1B618711003D1847 /* AppDelegate.m */ = {isa = PBXFileReference; lastKnownFileType = sourcecode.c.objc; path = AppDelegate.m; sourceTree = "<group>"; };
		BA1AF81C1B618711003D1847 /* PlayViewController.h */ = {isa = PBXFileReference; lastKnownFileType = sourcecode.c.h; path = PlayViewController.h; sourceTree = "<group>"; };
		BA1AF81D1B618711003D1847 /* PlayViewController.m */ = {isa = PBXFileReference; lastKnownFileType = sourcecode.c.objc; path = PlayViewController.m; sourceTree = "<group>"; };
		BA1AF8201B618711003D1847 /* Base */ = {isa = PBXFileReference; lastKnownFileType = file.storyboard; name = Base; path = Base.lproj/Main.storyboard; sourceTree = "<group>"; };
		BA1AF8221B618711003D1847 /* Images.xcassets */ = {isa = PBXFileReference; lastKnownFileType = folder.assetcatalog; path = Images.xcassets; sourceTree = "<group>"; };
		BA1AF8251B618711003D1847 /* Base */ = {isa = PBXFileReference; lastKnownFileType = file.xib; name = Base; path = Base.lproj/LaunchScreen.xib; sourceTree = "<group>"; };
		BA1AF82B1B618711003D1847 /* FarkleTests.xctest */ = {isa = PBXFileReference; explicitFileType = wrapper.cfbundle; includeInIndex = 0; path = FarkleTests.xctest; sourceTree = BUILT_PRODUCTS_DIR; };
		BA1AF8301B618711003D1847 /* Info.plist */ = {isa = PBXFileReference; lastKnownFileType = text.plist.xml; path = Info.plist; sourceTree = "<group>"; };
		BA1AF8311B618711003D1847 /* FarkleTests.m */ = {isa = PBXFileReference; lastKnownFileType = sourcecode.c.objc; path = FarkleTests.m; sourceTree = "<group>"; };
		BA1AF83B1B619109003D1847 /* Dice.h */ = {isa = PBXFileReference; fileEncoding = 4; lastKnownFileType = sourcecode.c.h; path = Dice.h; sourceTree = "<group>"; };
		BA1AF83C1B619109003D1847 /* Dice.m */ = {isa = PBXFileReference; fileEncoding = 4; lastKnownFileType = sourcecode.c.objc; path = Dice.m; sourceTree = "<group>"; };
		BA1AF83E1B61964E003D1847 /* Turn.h */ = {isa = PBXFileReference; fileEncoding = 4; lastKnownFileType = sourcecode.c.h; path = Turn.h; sourceTree = "<group>"; };
		BA1AF83F1B61964E003D1847 /* Turn.m */ = {isa = PBXFileReference; fileEncoding = 4; lastKnownFileType = sourcecode.c.objc; path = Turn.m; sourceTree = "<group>"; };
		BA1AF8431B6198F4003D1847 /* Player.h */ = {isa = PBXFileReference; fileEncoding = 4; lastKnownFileType = sourcecode.c.h; path = Player.h; sourceTree = "<group>"; };
		BA1AF8441B6198F4003D1847 /* Player.m */ = {isa = PBXFileReference; fileEncoding = 4; lastKnownFileType = sourcecode.c.objc; path = Player.m; sourceTree = "<group>"; };
		BA1AF8461B619C8B003D1847 /* HomeViewController.h */ = {isa = PBXFileReference; fileEncoding = 4; lastKnownFileType = sourcecode.c.h; path = HomeViewController.h; sourceTree = "<group>"; };
		BA1AF8471B619C8B003D1847 /* HomeViewController.m */ = {isa = PBXFileReference; fileEncoding = 4; lastKnownFileType = sourcecode.c.objc; path = HomeViewController.m; sourceTree = "<group>"; };
		BA1AF8491B61AD57003D1847 /* Game.h */ = {isa = PBXFileReference; fileEncoding = 4; lastKnownFileType = sourcecode.c.h; path = Game.h; sourceTree = "<group>"; };
		BA1AF84A1B61AD57003D1847 /* Game.m */ = {isa = PBXFileReference; fileEncoding = 4; lastKnownFileType = sourcecode.c.objc; path = Game.m; sourceTree = "<group>"; };
/* End PBXFileReference section */

/* Begin PBXFrameworksBuildPhase section */
		BA1AF80F1B618711003D1847 /* Frameworks */ = {
			isa = PBXFrameworksBuildPhase;
			buildActionMask = 2147483647;
			files = (
			);
			runOnlyForDeploymentPostprocessing = 0;
		};
		BA1AF8281B618711003D1847 /* Frameworks */ = {
			isa = PBXFrameworksBuildPhase;
			buildActionMask = 2147483647;
			files = (
			);
			runOnlyForDeploymentPostprocessing = 0;
		};
/* End PBXFrameworksBuildPhase section */

/* Begin PBXGroup section */
		BA1AF8091B618711003D1847 = {
			isa = PBXGroup;
			children = (
				BA1AF8141B618711003D1847 /* Farkle */,
				BA1AF82E1B618711003D1847 /* FarkleTests */,
				BA1AF8131B618711003D1847 /* Products */,
			);
			sourceTree = "<group>";
		};
		BA1AF8131B618711003D1847 /* Products */ = {
			isa = PBXGroup;
			children = (
				BA1AF8121B618711003D1847 /* Farkle.app */,
				BA1AF82B1B618711003D1847 /* FarkleTests.xctest */,
			);
			name = Products;
			sourceTree = "<group>";
		};
		BA1AF8141B618711003D1847 /* Farkle */ = {
			isa = PBXGroup;
			children = (
				BA1AF8421B61965B003D1847 /* ViewControllers */,
				BA1AF8411B619654003D1847 /* Model */,
				BA1AF81F1B618711003D1847 /* Main.storyboard */,
				BA1AF8151B618711003D1847 /* Supporting Files */,
			);
			path = Farkle;
			sourceTree = "<group>";
		};
		BA1AF8151B618711003D1847 /* Supporting Files */ = {
			isa = PBXGroup;
			children = (
				BA1AF8221B618711003D1847 /* Images.xcassets */,
				BA1AF8241B618711003D1847 /* LaunchScreen.xib */,
				BA1AF8191B618711003D1847 /* AppDelegate.h */,
				BA1AF81A1B618711003D1847 /* AppDelegate.m */,
				BA1AF8161B618711003D1847 /* Info.plist */,
				BA1AF8171B618711003D1847 /* main.m */,
			);
			name = "Supporting Files";
			sourceTree = "<group>";
		};
		BA1AF82E1B618711003D1847 /* FarkleTests */ = {
			isa = PBXGroup;
			children = (
				BA1AF8311B618711003D1847 /* FarkleTests.m */,
				BA1AF82F1B618711003D1847 /* Supporting Files */,
			);
			path = FarkleTests;
			sourceTree = "<group>";
		};
		BA1AF82F1B618711003D1847 /* Supporting Files */ = {
			isa = PBXGroup;
			children = (
				BA1AF8301B618711003D1847 /* Info.plist */,
			);
			name = "Supporting Files";
			sourceTree = "<group>";
		};
		BA1AF8411B619654003D1847 /* Model */ = {
			isa = PBXGroup;
			children = (
				BA1AF8491B61AD57003D1847 /* Game.h */,
				BA1AF84A1B61AD57003D1847 /* Game.m */,
				BA1AF83B1B619109003D1847 /* Dice.h */,
				BA1AF83C1B619109003D1847 /* Dice.m */,
				BA1AF83E1B61964E003D1847 /* Turn.h */,
				BA1AF83F1B61964E003D1847 /* Turn.m */,
				BA1AF8431B6198F4003D1847 /* Player.h */,
				BA1AF8441B6198F4003D1847 /* Player.m */,
			);
			name = Model;
			sourceTree = "<group>";
		};
		BA1AF8421B61965B003D1847 /* ViewControllers */ = {
			isa = PBXGroup;
			children = (
				BA1AF8461B619C8B003D1847 /* HomeViewController.h */,
				BA1AF8471B619C8B003D1847 /* HomeViewController.m */,
				BA1AF81C1B618711003D1847 /* PlayViewController.h */,
				BA1AF81D1B618711003D1847 /* PlayViewController.m */,
			);
			name = ViewControllers;
			sourceTree = "<group>";
		};
/* End PBXGroup section */

/* Begin PBXNativeTarget section */
		BA1AF8111B618711003D1847 /* Farkle */ = {
			isa = PBXNativeTarget;
			buildConfigurationList = BA1AF8351B618711003D1847 /* Build configuration list for PBXNativeTarget "Farkle" */;
			buildPhases = (
				BA1AF80E1B618711003D1847 /* Sources */,
				BA1AF80F1B618711003D1847 /* Frameworks */,
				BA1AF8101B618711003D1847 /* Resources */,
			);
			buildRules = (
			);
			dependencies = (
			);
			name = Farkle;
			productName = Farkle;
			productReference = BA1AF8121B618711003D1847 /* Farkle.app */;
			productType = "com.apple.product-type.application";
		};
		BA1AF82A1B618711003D1847 /* FarkleTests */ = {
			isa = PBXNativeTarget;
			buildConfigurationList = BA1AF8381B618711003D1847 /* Build configuration list for PBXNativeTarget "FarkleTests" */;
			buildPhases = (
				BA1AF8271B618711003D1847 /* Sources */,
				BA1AF8281B618711003D1847 /* Frameworks */,
				BA1AF8291B618711003D1847 /* Resources */,
			);
			buildRules = (
			);
			dependencies = (
				BA1AF82D1B618711003D1847 /* PBXTargetDependency */,
			);
			name = FarkleTests;
			productName = FarkleTests;
			productReference = BA1AF82B1B618711003D1847 /* FarkleTests.xctest */;
			productType = "com.apple.product-type.bundle.unit-test";
		};
/* End PBXNativeTarget section */

/* Begin PBXProject section */
		BA1AF80A1B618711003D1847 /* Project object */ = {
			isa = PBXProject;
			attributes = {
				LastUpgradeCheck = 0640;
				ORGANIZATIONNAME = "Ben Cooper";
				TargetAttributes = {
					BA1AF8111B618711003D1847 = {
						CreatedOnToolsVersion = 6.4;
					};
					BA1AF82A1B618711003D1847 = {
						CreatedOnToolsVersion = 6.4;
						TestTargetID = BA1AF8111B618711003D1847;
					};
				};
			};
			buildConfigurationList = BA1AF80D1B618711003D1847 /* Build configuration list for PBXProject "Farkle" */;
			compatibilityVersion = "Xcode 3.2";
			developmentRegion = English;
			hasScannedForEncodings = 0;
			knownRegions = (
				en,
				Base,
			);
			mainGroup = BA1AF8091B618711003D1847;
			productRefGroup = BA1AF8131B618711003D1847 /* Products */;
			projectDirPath = "";
			projectRoot = "";
			targets = (
				BA1AF8111B618711003D1847 /* Farkle */,
				BA1AF82A1B618711003D1847 /* FarkleTests */,
			);
		};
/* End PBXProject section */

/* Begin PBXResourcesBuildPhase section */
		BA1AF8101B618711003D1847 /* Resources */ = {
			isa = PBXResourcesBuildPhase;
			buildActionMask = 2147483647;
			files = (
				BA1AF8211B618711003D1847 /* Main.storyboard in Resources */,
				BA1AF8261B618711003D1847 /* LaunchScreen.xib in Resources */,
				BA1AF8231B618711003D1847 /* Images.xcassets in Resources */,
			);
			runOnlyForDeploymentPostprocessing = 0;
		};
		BA1AF8291B618711003D1847 /* Resources */ = {
			isa = PBXResourcesBuildPhase;
			buildActionMask = 2147483647;
			files = (
			);
			runOnlyForDeploymentPostprocessing = 0;
		};
/* End PBXResourcesBuildPhase section */

/* Begin PBXSourcesBuildPhase section */
		BA1AF80E1B618711003D1847 /* Sources */ = {
			isa = PBXSourcesBuildPhase;
			buildActionMask = 2147483647;
			files = (
				BA1AF8401B61964E003D1847 /* Turn.m in Sources */,
				BA1AF81E1B618711003D1847 /* PlayViewController.m in Sources */,
				BA1AF81B1B618711003D1847 /* AppDelegate.m in Sources */,
				BA1AF84B1B61AD57003D1847 /* Game.m in Sources */,
				BA1AF83D1B619109003D1847 /* Dice.m in Sources */,
				BA1AF8451B6198F4003D1847 /* Player.m in Sources */,
				BA1AF8481B619C8B003D1847 /* HomeViewController.m in Sources */,
				BA1AF8181B618711003D1847 /* main.m in Sources */,
			);
			runOnlyForDeploymentPostprocessing = 0;
		};
		BA1AF8271B618711003D1847 /* Sources */ = {
			isa = PBXSourcesBuildPhase;
			buildActionMask = 2147483647;
			files = (
				BA1AF8321B618711003D1847 /* FarkleTests.m in Sources */,
			);
			runOnlyForDeploymentPostprocessing = 0;
		};
/* End PBXSourcesBuildPhase section */

/* Begin PBXTargetDependency section */
		BA1AF82D1B618711003D1847 /* PBXTargetDependency */ = {
			isa = PBXTargetDependency;
			target = BA1AF8111B618711003D1847 /* Farkle */;
			targetProxy = BA1AF82C1B618711003D1847 /* PBXContainerItemProxy */;
		};
/* End PBXTargetDependency section */

/* Begin PBXVariantGroup section */
		BA1AF81F1B618711003D1847 /* Main.storyboard */ = {
			isa = PBXVariantGroup;
			children = (
				BA1AF8201B618711003D1847 /* Base */,
			);
			name = Main.storyboard;
			sourceTree = "<group>";
		};
		BA1AF8241B618711003D1847 /* LaunchScreen.xib */ = {
			isa = PBXVariantGroup;
			children = (
				BA1AF8251B618711003D1847 /* Base */,
			);
			name = LaunchScreen.xib;
			sourceTree = "<group>";
		};
/* End PBXVariantGroup section */

/* Begin XCBuildConfiguration section */
		BA1AF8331B618711003D1847 /* Debug */ = {
			isa = XCBuildConfiguration;
			buildSettings = {
				ALWAYS_SEARCH_USER_PATHS = NO;
				CLANG_CXX_LANGUAGE_STANDARD = "gnu++0x";
				CLANG_CXX_LIBRARY = "libc++";
				CLANG_ENABLE_MODULES = YES;
				CLANG_ENABLE_OBJC_ARC = YES;
				CLANG_WARN_BOOL_CONVERSION = YES;
				CLANG_WARN_CONSTANT_CONVERSION = YES;
				CLANG_WARN_DIRECT_OBJC_ISA_USAGE = YES_ERROR;
				CLANG_WARN_EMPTY_BODY = YES;
				CLANG_WARN_ENUM_CONVERSION = YES;
				CLANG_WARN_INT_CONVERSION = YES;
				CLANG_WARN_OBJC_ROOT_CLASS = YES_ERROR;
				CLANG_WARN_UNREACHABLE_CODE = YES;
				CLANG_WARN__DUPLICATE_METHOD_MATCH = YES;
				"CODE_SIGN_IDENTITY[sdk=iphoneos*]" = "iPhone Developer";
				COPY_PHASE_STRIP = NO;
				DEBUG_INFORMATION_FORMAT = dwarf;
				ENABLE_STRICT_OBJC_MSGSEND = YES;
				GCC_C_LANGUAGE_STANDARD = gnu99;
				GCC_DYNAMIC_NO_PIC = NO;
				GCC_NO_COMMON_BLOCKS = YES;
				GCC_OPTIMIZATION_LEVEL = 0;
				GCC_PREPROCESSOR_DEFINITIONS = (
					"DEBUG=1",
					"$(inherited)",
				);
				GCC_SYMBOLS_PRIVATE_EXTERN = NO;
				GCC_WARN_64_TO_32_BIT_CONVERSION = YES;
				GCC_WARN_ABOUT_RETURN_TYPE = YES_ERROR;
				GCC_WARN_UNDECLARED_SELECTOR = YES;
				GCC_WARN_UNINITIALIZED_AUTOS = YES_AGGRESSIVE;
				GCC_WARN_UNUSED_FUNCTION = YES;
				GCC_WARN_UNUSED_VARIABLE = YES;
				IPHONEOS_DEPLOYMENT_TARGET = 8.4;
				MTL_ENABLE_DEBUG_INFO = YES;
				ONLY_ACTIVE_ARCH = YES;
				SDKROOT = iphoneos;
			};
			name = Debug;
		};
		BA1AF8341B618711003D1847 /* Release */ = {
			isa = XCBuildConfiguration;
			buildSettings = {
				ALWAYS_SEARCH_USER_PATHS = NO;
				CLANG_CXX_LANGUAGE_STANDARD = "gnu++0x";
				CLANG_CXX_LIBRARY = "libc++";
				CLANG_ENABLE_MODULES = YES;
				CLANG_ENABLE_OBJC_ARC = YES;
				CLANG_WARN_BOOL_CONVERSION = YES;
				CLANG_WARN_CONSTANT_CONVERSION = YES;
				CLANG_WARN_DIRECT_OBJC_ISA_USAGE = YES_ERROR;
				CLANG_WARN_EMPTY_BODY = YES;
				CLANG_WARN_ENUM_CONVERSION = YES;
				CLANG_WARN_INT_CONVERSION = YES;
				CLANG_WARN_OBJC_ROOT_CLASS = YES_ERROR;
				CLANG_WARN_UNREACHABLE_CODE = YES;
				CLANG_WARN__DUPLICATE_METHOD_MATCH = YES;
				"CODE_SIGN_IDENTITY[sdk=iphoneos*]" = "iPhone Developer";
				COPY_PHASE_STRIP = NO;
				DEBUG_INFORMATION_FORMAT = "dwarf-with-dsym";
				ENABLE_NS_ASSERTIONS = NO;
				ENABLE_STRICT_OBJC_MSGSEND = YES;
				GCC_C_LANGUAGE_STANDARD = gnu99;
				GCC_NO_COMMON_BLOCKS = YES;
				GCC_WARN_64_TO_32_BIT_CONVERSION = YES;
				GCC_WARN_ABOUT_RETURN_TYPE = YES_ERROR;
				GCC_WARN_UNDECLARED_SELECTOR = YES;
				GCC_WARN_UNINITIALIZED_AUTOS = YES_AGGRESSIVE;
				GCC_WARN_UNUSED_FUNCTION = YES;
				GCC_WARN_UNUSED_VARIABLE = YES;
				IPHONEOS_DEPLOYMENT_TARGET = 8.4;
				MTL_ENABLE_DEBUG_INFO = NO;
				SDKROOT = iphoneos;
				VALIDATE_PRODUCT = YES;
			};
			name = Release;
		};
		BA1AF8361B618711003D1847 /* Debug */ = {
			isa = XCBuildConfiguration;
			buildSettings = {
				ASSETCATALOG_COMPILER_APPICON_NAME = AppIcon;
				INFOPLIST_FILE = Farkle/Info.plist;
				LD_RUNPATH_SEARCH_PATHS = "$(inherited) @executable_path/Frameworks";
				PRODUCT_NAME = "$(TARGET_NAME)";
			};
			name = Debug;
		};
		BA1AF8371B618711003D1847 /* Release */ = {
			isa = XCBuildConfiguration;
			buildSettings = {
				ASSETCATALOG_COMPILER_APPICON_NAME = AppIcon;
				INFOPLIST_FILE = Farkle/Info.plist;
				LD_RUNPATH_SEARCH_PATHS = "$(inherited) @executable_path/Frameworks";
				PRODUCT_NAME = "$(TARGET_NAME)";
			};
			name = Release;
		};
		BA1AF8391B618711003D1847 /* Debug */ = {
			isa = XCBuildConfiguration;
			buildSettings = {
				BUNDLE_LOADER = "$(TEST_HOST)";
				FRAMEWORK_SEARCH_PATHS = (
					"$(SDKROOT)/Developer/Library/Frameworks",
					"$(inherited)",
				);
				GCC_PREPROCESSOR_DEFINITIONS = (
					"DEBUG=1",
					"$(inherited)",
				);
				INFOPLIST_FILE = FarkleTests/Info.plist;
				LD_RUNPATH_SEARCH_PATHS = "$(inherited) @executable_path/Frameworks @loader_path/Frameworks";
				PRODUCT_NAME = "$(TARGET_NAME)";
				TEST_HOST = "$(BUILT_PRODUCTS_DIR)/Farkle.app/Farkle";
			};
			name = Debug;
		};
		BA1AF83A1B618711003D1847 /* Release */ = {
			isa = XCBuildConfiguration;
			buildSettings = {
				BUNDLE_LOADER = "$(TEST_HOST)";
				FRAMEWORK_SEARCH_PATHS = (
					"$(SDKROOT)/Developer/Library/Frameworks",
					"$(inherited)",
				);
				INFOPLIST_FILE = FarkleTests/Info.plist;
				LD_RUNPATH_SEARCH_PATHS = "$(inherited) @executable_path/Frameworks @loader_path/Frameworks";
				PRODUCT_NAME = "$(TARGET_NAME)";
				TEST_HOST = "$(BUILT_PRODUCTS_DIR)/Farkle.app/Farkle";
			};
			name = Release;
		};
/* End XCBuildConfiguration section */

/* Begin XCConfigurationList section */
		BA1AF80D1B618711003D1847 /* Build configuration list for PBXProject "Farkle" */ = {
			isa = XCConfigurationList;
			buildConfigurations = (
				BA1AF8331B618711003D1847 /* Debug */,
				BA1AF8341B618711003D1847 /* Release */,
			);
			defaultConfigurationIsVisible = 0;
			defaultConfigurationName = Release;
		};
		BA1AF8351B618711003D1847 /* Build configuration list for PBXNativeTarget "Farkle" */ = {
			isa = XCConfigurationList;
			buildConfigurations = (
				BA1AF8361B618711003D1847 /* Debug */,
				BA1AF8371B618711003D1847 /* Release */,
			);
			defaultConfigurationIsVisible = 0;
		};
		BA1AF8381B618711003D1847 /* Build configuration list for PBXNativeTarget "FarkleTests" */ = {
			isa = XCConfigurationList;
			buildConfigurations = (
				BA1AF8391B618711003D1847 /* Debug */,
				BA1AF83A1B618711003D1847 /* Release */,
			);
			defaultConfigurationIsVisible = 0;
		};
/* End XCConfigurationList section */
	};
	rootObject = BA1AF80A1B618711003D1847 /* Project object */;
}
